
Microsoft Visual Studio Solution File, Format Version 12.00
# Visual Studio Version 16
VisualStudioVersion = 16.0.31911.196
MinimumVisualStudioVersion = 10.0.40219.1
Project("{FAE04EC0-301F-11D3-BF4B-00C04F79EFBC}") = "CreditCardApplications", "CreditCardApplications\CreditCardApplications.csproj", "{82898416-682C-4BB9-98BE-F1DB952F7B34}"
EndProject
Project("{FAE04EC0-301F-11D3-BF4B-00C04F79EFBC}") = "CreditCardApplications.Tests", "CreditCardApplications.Tests\CreditCardApplications.Tests.csproj", "{ABDA8D04-4021-4E97-B51F-B4CE53265EBE}"
EndProject
Global
	GlobalSection(SolutionConfigurationPlatforms) = preSolution
		Debug|Any CPU = Debug|Any CPU
		Release|Any CPU = Release|Any CPU
	EndGlobalSection
	GlobalSection(ProjectConfigurationPlatforms) = postSolution
		{82898416-682C-4BB9-98BE-F1DB952F7B34}.Debug|Any CPU.ActiveCfg = Debug|Any CPU
		{82898416-682C-4BB9-98BE-F1DB952F7B34}.Debug|Any CPU.Build.0 = Debug|Any CPU
		{82898416-682C-4BB9-98BE-F1DB952F7B34}.Release|Any CPU.ActiveCfg = Release|Any CPU
		{82898416-682C-4BB9-98BE-F1DB952F7B34}.Release|Any CPU.Build.0 = Release|Any CPU
		{ABDA8D04-4021-4E97-B51F-B4CE53265EBE}.Debug|Any CPU.ActiveCfg = Debug|Any CPU
		{ABDA8D04-4021-4E97-B51F-B4CE53265EBE}.Debug|Any CPU.Build.0 = Debug|Any CPU
		{ABDA8D04-4021-4E97-B51F-B4CE53265EBE}.Release|Any CPU.ActiveCfg = Release|Any CPU
		{ABDA8D04-4021-4E97-B51F-B4CE53265EBE}.Release|Any CPU.Build.0 = Release|Any CPU
	EndGlobalSection
	GlobalSection(SolutionProperties) = preSolution
		HideSolutionNode = FALSE
	EndGlobalSection
	GlobalSection(ExtensibilityGlobals) = postSolution
		SolutionGuid = {4A7032F3-A8DA-4AC7-83AB-E8B48B5C3844}
	EndGlobalSection
EndGlobal
